
Microsoft Visual Studio Solution File, Format Version 12.00
# Visual Studio 15
VisualStudioVersion = 15.0.27428.1
MinimumVisualStudioVersion = 10.0.40219.1
Project("{F2A71F9B-5D33-465A-A702-920D77279786}") = "StirTrekKeywordAnalyzer", "StirTrekKeywordAnalyzer\StirTrekKeywordAnalyzer.fsproj", "{4B374CDE-5DF4-4968-A060-A8C525F9855A}"
EndProject
Global
	GlobalSection(SolutionConfigurationPlatforms) = preSolution
		Debug|Any CPU = Debug|Any CPU
		Release|Any CPU = Release|Any CPU
	EndGlobalSection
	GlobalSection(ProjectConfigurationPlatforms) = postSolution
		{4B374CDE-5DF4-4968-A060-A8C525F9855A}.Debug|Any CPU.ActiveCfg = Debug|Any CPU
		{4B374CDE-5DF4-4968-A060-A8C525F9855A}.Debug|Any CPU.Build.0 = Debug|Any CPU
		{4B374CDE-5DF4-4968-A060-A8C525F9855A}.Release|Any CPU.ActiveCfg = Release|Any CPU
		{4B374CDE-5DF4-4968-A060-A8C525F9855A}.Release|Any CPU.Build.0 = Release|Any CPU
	EndGlobalSection
	GlobalSection(SolutionProperties) = preSolution
		HideSolutionNode = FALSE
	EndGlobalSection
	GlobalSection(ExtensibilityGlobals) = postSolution
		SolutionGuid = {6AAF8F01-8C61-479C-B62F-81660B607798}
	EndGlobalSection
EndGlobal
